{
  "originHash" : "f9cb3a839ef13729077395cd66e95851d16907ad9f8402177d96bc119e5acd2a",
  "pins" : [
    {
      "identity" : "swift-xxh3",
      "kind" : "remoteSourceControl",
      "location" : "https://github.com/swift-cloud/swift-xxh3",
      "state" : {
        "revision" : "d184501b21b543c4d52094afed3e679296575f0e",
        "version" : "1.0.3"
      }
    }
  ],
  "version" : 3
}
